
Microsoft Visual Studio Solution File, Format Version 12.00
# Visual Studio Version 17
VisualStudioVersion = 17.4.33110.190
MinimumVisualStudioVersion = 10.0.40219.1
Project("{FAE04EC0-301F-11D3-BF4B-00C04F79EFBC}") = "WebApplicationForGit", "WebApplicationForGit\WebApplicationForGit.csproj", "{BB6A1D21-5C0D-4B70-8F24-FB44287690DD}"
EndProject
Global
	GlobalSection(SolutionConfigurationPlatforms) = preSolution
		Debug|Any CPU = Debug|Any CPU
		Release|Any CPU = Release|Any CPU
	EndGlobalSection
	GlobalSection(ProjectConfigurationPlatforms) = postSolution
		{BB6A1D21-5C0D-4B70-8F24-FB44287690DD}.Debug|Any CPU.ActiveCfg = Debug|Any CPU
		{BB6A1D21-5C0D-4B70-8F24-FB44287690DD}.Debug|Any CPU.Build.0 = Debug|Any CPU
		{BB6A1D21-5C0D-4B70-8F24-FB44287690DD}.Release|Any CPU.ActiveCfg = Release|Any CPU
		{BB6A1D21-5C0D-4B70-8F24-FB44287690DD}.Release|Any CPU.Build.0 = Release|Any CPU
	EndGlobalSection
	GlobalSection(SolutionProperties) = preSolution
		HideSolutionNode = FALSE
	EndGlobalSection
	GlobalSection(ExtensibilityGlobals) = postSolution
		SolutionGuid = {FA28326E-51D0-4B01-8753-4BCC5B1B530F}
	EndGlobalSection
EndGlobal
